// !$*UTF8*$!
{
	archiveVersion = 1;
	classes = {
	};
	objectVersion = 50;
	objects = {

/* Begin PBXBuildFile section */
		1482DF52244D011D00FCF81D /* AppDelegate.swift in Sources */ = {isa = PBXBuildFile; fileRef = 1482DF51244D011D00FCF81D /* AppDelegate.swift */; };
		1482DF54244D011D00FCF81D /* SceneDelegate.swift in Sources */ = {isa = PBXBuildFile; fileRef = 1482DF53244D011D00FCF81D /* SceneDelegate.swift */; };
		1482DF56244D011D00FCF81D /* LoginController.swift in Sources */ = {isa = PBXBuildFile; fileRef = 1482DF55244D011D00FCF81D /* LoginController.swift */; };
		1482DF59244D011D00FCF81D /* Main.storyboard in Resources */ = {isa = PBXBuildFile; fileRef = 1482DF57244D011D00FCF81D /* Main.storyboard */; };
		1482DF5B244D012200FCF81D /* Assets.xcassets in Resources */ = {isa = PBXBuildFile; fileRef = 1482DF5A244D012200FCF81D /* Assets.xcassets */; };
		1482DF5E244D012200FCF81D /* LaunchScreen.storyboard in Resources */ = {isa = PBXBuildFile; fileRef = 1482DF5C244D012200FCF81D /* LaunchScreen.storyboard */; };
		1482DF69244D012200FCF81D /* On_the_MapTests.swift in Sources */ = {isa = PBXBuildFile; fileRef = 1482DF68244D012200FCF81D /* On_the_MapTests.swift */; };
		1482DF74244D012200FCF81D /* On_the_MapUITests.swift in Sources */ = {isa = PBXBuildFile; fileRef = 1482DF73244D012200FCF81D /* On_the_MapUITests.swift */; };
		1482DF87244D042E00FCF81D /* Client.swift in Sources */ = {isa = PBXBuildFile; fileRef = 1482DF86244D042E00FCF81D /* Client.swift */; };
		1482DF8C244D05CB00FCF81D /* OnTheMapResponse.swift in Sources */ = {isa = PBXBuildFile; fileRef = 1482DF8B244D05CB00FCF81D /* OnTheMapResponse.swift */; };
		1482DF8E244D078700FCF81D /* LoginRequest.swift in Sources */ = {isa = PBXBuildFile; fileRef = 1482DF8D244D078700FCF81D /* LoginRequest.swift */; };
		1482DF90244D09A800FCF81D /* LoginResponse.swift in Sources */ = {isa = PBXBuildFile; fileRef = 1482DF8F244D09A800FCF81D /* LoginResponse.swift */; };
		14BC84AE256730FE00D3A199 /* StudentInformationResponse.swift in Sources */ = {isa = PBXBuildFile; fileRef = 14BC84AD256730FE00D3A199 /* StudentInformationResponse.swift */; };
		14BC84B32567328800D3A199 /* MapController.swift in Sources */ = {isa = PBXBuildFile; fileRef = 14BC84B22567328800D3A199 /* MapController.swift */; };
		14BC84B82567342900D3A199 /* StudentInformation.swift in Sources */ = {isa = PBXBuildFile; fileRef = 14BC84B72567342900D3A199 /* StudentInformation.swift */; };
		14BC84C02567360300D3A199 /* StudentModel.swift in Sources */ = {isa = PBXBuildFile; fileRef = 14BC84BF2567360300D3A199 /* StudentModel.swift */; };
		14BC84CD25673F2000D3A199 /* ListController.swift in Sources */ = {isa = PBXBuildFile; fileRef = 14BC84CC25673F2000D3A199 /* ListController.swift */; };
		14BC84E22567878C00D3A199 /* UIViewController+Extension.swift in Sources */ = {isa = PBXBuildFile; fileRef = 14BC84E12567878C00D3A199 /* UIViewController+Extension.swift */; };
		14BC84E72567892F00D3A199 /* InformationViewController.swift in Sources */ = {isa = PBXBuildFile; fileRef = 14BC84E62567892F00D3A199 /* InformationViewController.swift */; };
		14BC84EC256796E000D3A199 /* LocationResponse.swift in Sources */ = {isa = PBXBuildFile; fileRef = 14BC84EB256796E000D3A199 /* LocationResponse.swift */; };
/* End PBXBuildFile section */

/* Begin PBXContainerItemProxy section */
		1482DF65244D012200FCF81D /* PBXContainerItemProxy */ = {
			isa = PBXContainerItemProxy;
			containerPortal = 1482DF46244D011D00FCF81D /* Project object */;
			proxyType = 1;
			remoteGlobalIDString = 1482DF4D244D011D00FCF81D;
			remoteInfo = "On the Map";
		};
		1482DF70244D012200FCF81D /* PBXContainerItemProxy */ = {
			isa = PBXContainerItemProxy;
			containerPortal = 1482DF46244D011D00FCF81D /* Project object */;
			proxyType = 1;
			remoteGlobalIDString = 1482DF4D244D011D00FCF81D;
			remoteInfo = "On the Map";
		};
/* End PBXContainerItemProxy section */

/* Begin PBXFileReference section */
		1482DF4E244D011D00FCF81D /* On the Map.app */ = {isa = PBXFileReference; explicitFileType = wrapper.application; includeInIndex = 0; path = "On the Map.app"; sourceTree = BUILT_PRODUCTS_DIR; };
		1482DF51244D011D00FCF81D /* AppDelegate.swift */ = {isa = PBXFileReference; lastKnownFileType = sourcecode.swift; path = AppDelegate.swift; sourceTree = "<group>"; };
		1482DF53244D011D00FCF81D /* SceneDelegate.swift */ = {isa = PBXFileReference; lastKnownFileType = sourcecode.swift; path = SceneDelegate.swift; sourceTree = "<group>"; };
		1482DF55244D011D00FCF81D /* LoginController.swift */ = {isa = PBXFileReference; lastKnownFileType = sourcecode.swift; path = LoginController.swift; sourceTree = "<group>"; };
		1482DF58244D011D00FCF81D /* Base */ = {isa = PBXFileReference; lastKnownFileType = file.storyboard; name = Base; path = Base.lproj/Main.storyboard; sourceTree = "<group>"; };
		1482DF5A244D012200FCF81D /* Assets.xcassets */ = {isa = PBXFileReference; lastKnownFileType = folder.assetcatalog; path = Assets.xcassets; sourceTree = "<group>"; };
		1482DF5D244D012200FCF81D /* Base */ = {isa = PBXFileReference; lastKnownFileType = file.storyboard; name = Base; path = Base.lproj/LaunchScreen.storyboard; sourceTree = "<group>"; };
		1482DF5F244D012200FCF81D /* Info.plist */ = {isa = PBXFileReference; lastKnownFileType = text.plist.xml; path = Info.plist; sourceTree = "<group>"; };
		1482DF64244D012200FCF81D /* On the MapTests.xctest */ = {isa = PBXFileReference; explicitFileType = wrapper.cfbundle; includeInIndex = 0; path = "On the MapTests.xctest"; sourceTree = BUILT_PRODUCTS_DIR; };
		1482DF68244D012200FCF81D /* On_the_MapTests.swift */ = {isa = PBXFileReference; lastKnownFileType = sourcecode.swift; path = On_the_MapTests.swift; sourceTree = "<group>"; };
		1482DF6A244D012200FCF81D /* Info.plist */ = {isa = PBXFileReference; lastKnownFileType = text.plist.xml; path = Info.plist; sourceTree = "<group>"; };
		1482DF6F244D012200FCF81D /* On the MapUITests.xctest */ = {isa = PBXFileReference; explicitFileType = wrapper.cfbundle; includeInIndex = 0; path = "On the MapUITests.xctest"; sourceTree = BUILT_PRODUCTS_DIR; };
		1482DF73244D012200FCF81D /* On_the_MapUITests.swift */ = {isa = PBXFileReference; lastKnownFileType = sourcecode.swift; path = On_the_MapUITests.swift; sourceTree = "<group>"; };
		1482DF75244D012200FCF81D /* Info.plist */ = {isa = PBXFileReference; lastKnownFileType = text.plist.xml; path = Info.plist; sourceTree = "<group>"; };
		1482DF86244D042E00FCF81D /* Client.swift */ = {isa = PBXFileReference; lastKnownFileType = sourcecode.swift; path = Client.swift; sourceTree = "<group>"; };
		1482DF8B244D05CB00FCF81D /* OnTheMapResponse.swift */ = {isa = PBXFileReference; lastKnownFileType = sourcecode.swift; path = OnTheMapResponse.swift; sourceTree = "<group>"; };
		1482DF8D244D078700FCF81D /* LoginRequest.swift */ = {isa = PBXFileReference; lastKnownFileType = sourcecode.swift; path = LoginRequest.swift; sourceTree = "<group>"; };
		1482DF8F244D09A800FCF81D /* LoginResponse.swift */ = {isa = PBXFileReference; lastKnownFileType = sourcecode.swift; path = LoginResponse.swift; sourceTree = "<group>"; };
		14BC84AD256730FE00D3A199 /* StudentInformationResponse.swift */ = {isa = PBXFileReference; lastKnownFileType = sourcecode.swift; path = StudentInformationResponse.swift; sourceTree = "<group>"; };
		14BC84B22567328800D3A199 /* MapController.swift */ = {isa = PBXFileReference; lastKnownFileType = sourcecode.swift; path = MapController.swift; sourceTree = "<group>"; };
		14BC84B72567342900D3A199 /* StudentInformation.swift */ = {isa = PBXFileReference; lastKnownFileType = sourcecode.swift; path = StudentInformation.swift; sourceTree = "<group>"; };
		14BC84BF2567360300D3A199 /* StudentModel.swift */ = {isa = PBXFileReference; lastKnownFileType = sourcecode.swift; path = StudentModel.swift; sourceTree = "<group>"; };
		14BC84CC25673F2000D3A199 /* ListController.swift */ = {isa = PBXFileReference; lastKnownFileType = sourcecode.swift; path = ListController.swift; sourceTree = "<group>"; };
		14BC84E12567878C00D3A199 /* UIViewController+Extension.swift */ = {isa = PBXFileReference; lastKnownFileType = sourcecode.swift; path = "UIViewController+Extension.swift"; sourceTree = "<group>"; };
		14BC84E62567892F00D3A199 /* InformationViewController.swift */ = {isa = PBXFileReference; lastKnownFileType = sourcecode.swift; path = InformationViewController.swift; sourceTree = "<group>"; };
		14BC84EB256796E000D3A199 /* LocationResponse.swift */ = {isa = PBXFileReference; lastKnownFileType = sourcecode.swift; path = LocationResponse.swift; sourceTree = "<group>"; };
/* End PBXFileReference section */

/* Begin PBXFrameworksBuildPhase section */
		1482DF4B244D011D00FCF81D /* Frameworks */ = {
			isa = PBXFrameworksBuildPhase;
			buildActionMask = 2147483647;
			files = (
			);
			runOnlyForDeploymentPostprocessing = 0;
		};
		1482DF61244D012200FCF81D /* Frameworks */ = {
			isa = PBXFrameworksBuildPhase;
			buildActionMask = 2147483647;
			files = (
			);
			runOnlyForDeploymentPostprocessing = 0;
		};
		1482DF6C244D012200FCF81D /* Frameworks */ = {
			isa = PBXFrameworksBuildPhase;
			buildActionMask = 2147483647;
			files = (
			);
			runOnlyForDeploymentPostprocessing = 0;
		};
/* End PBXFrameworksBuildPhase section */

/* Begin PBXGroup section */
		1482DF45244D011D00FCF81D = {
			isa = PBXGroup;
			children = (
				1482DF50244D011D00FCF81D /* On the Map */,
				1482DF67244D012200FCF81D /* On the MapTests */,
				1482DF72244D012200FCF81D /* On the MapUITests */,
				1482DF4F244D011D00FCF81D /* Products */,
			);
			sourceTree = "<group>";
		};
		1482DF4F244D011D00FCF81D /* Products */ = {
			isa = PBXGroup;
			children = (
				1482DF4E244D011D00FCF81D /* On the Map.app */,
				1482DF64244D012200FCF81D /* On the MapTests.xctest */,
				1482DF6F244D012200FCF81D /* On the MapUITests.xctest */,
			);
			name = Products;
			sourceTree = "<group>";
		};
		1482DF50244D011D00FCF81D /* On the Map */ = {
			isa = PBXGroup;
			children = (
				1482DF82244D03DD00FCF81D /* Model */,
				1482DF81244D02B200FCF81D /* Controller */,
				1482DF51244D011D00FCF81D /* AppDelegate.swift */,
				1482DF53244D011D00FCF81D /* SceneDelegate.swift */,
				1482DF57244D011D00FCF81D /* Main.storyboard */,
				1482DF5A244D012200FCF81D /* Assets.xcassets */,
				1482DF5C244D012200FCF81D /* LaunchScreen.storyboard */,
				1482DF5F244D012200FCF81D /* Info.plist */,
			);
			path = "On the Map";
			sourceTree = "<group>";
		};
		1482DF67244D012200FCF81D /* On the MapTests */ = {
			isa = PBXGroup;
			children = (
				1482DF68244D012200FCF81D /* On_the_MapTests.swift */,
				1482DF6A244D012200FCF81D /* Info.plist */,
			);
			path = "On the MapTests";
			sourceTree = "<group>";
		};
		1482DF72244D012200FCF81D /* On the MapUITests */ = {
			isa = PBXGroup;
			children = (
				1482DF73244D012200FCF81D /* On_the_MapUITests.swift */,
				1482DF75244D012200FCF81D /* Info.plist */,
			);
			path = "On the MapUITests";
			sourceTree = "<group>";
		};
		1482DF81244D02B200FCF81D /* Controller */ = {
			isa = PBXGroup;
			children = (
				1482DF55244D011D00FCF81D /* LoginController.swift */,
				14BC84B22567328800D3A199 /* MapController.swift */,
				14BC84CC25673F2000D3A199 /* ListController.swift */,
				14BC84E12567878C00D3A199 /* UIViewController+Extension.swift */,
				14BC84E62567892F00D3A199 /* InformationViewController.swift */,
			);
			path = Controller;
			sourceTree = "<group>";
		};
		1482DF82244D03DD00FCF81D /* Model */ = {
			isa = PBXGroup;
			children = (
				1482DF8A244D059E00FCF81D /* Request */,
				1482DF89244D055B00FCF81D /* Data */,
				1482DF88244D054400FCF81D /* Response */,
				1482DF83244D03E800FCF81D /* Client */,
			);
			path = Model;
			sourceTree = "<group>";
		};
		1482DF83244D03E800FCF81D /* Client */ = {
			isa = PBXGroup;
			children = (
				1482DF86244D042E00FCF81D /* Client.swift */,
			);
			path = Client;
			sourceTree = "<group>";
		};
		1482DF88244D054400FCF81D /* Response */ = {
			isa = PBXGroup;
			children = (
				14BC84AD256730FE00D3A199 /* StudentInformationResponse.swift */,
				1482DF8B244D05CB00FCF81D /* OnTheMapResponse.swift */,
				1482DF8F244D09A800FCF81D /* LoginResponse.swift */,
				14BC84B72567342900D3A199 /* StudentInformation.swift */,
				14BC84EB256796E000D3A199 /* LocationResponse.swift */,
			);
			path = Response;
			sourceTree = "<group>";
		};
		1482DF89244D055B00FCF81D /* Data */ = {
			isa = PBXGroup;
			children = (
				14BC84BF2567360300D3A199 /* StudentModel.swift */,
			);
			path = Data;
			sourceTree = "<group>";
		};
		1482DF8A244D059E00FCF81D /* Request */ = {
			isa = PBXGroup;
			children = (
				1482DF8D244D078700FCF81D /* LoginRequest.swift */,
			);
			path = Request;
			sourceTree = "<group>";
		};
/* End PBXGroup section */

/* Begin PBXNativeTarget section */
		1482DF4D244D011D00FCF81D /* On the Map */ = {
			isa = PBXNativeTarget;
			buildConfigurationList = 1482DF78244D012200FCF81D /* Build configuration list for PBXNativeTarget "On the Map" */;
			buildPhases = (
				1482DF4A244D011D00FCF81D /* Sources */,
				1482DF4B244D011D00FCF81D /* Frameworks */,
				1482DF4C244D011D00FCF81D /* Resources */,
			);
			buildRules = (
			);
			dependencies = (
			);
			name = "On the Map";
			productName = "On the Map";
			productReference = 1482DF4E244D011D00FCF81D /* On the Map.app */;
			productType = "com.apple.product-type.application";
		};
		1482DF63244D012200FCF81D /* On the MapTests */ = {
			isa = PBXNativeTarget;
			buildConfigurationList = 1482DF7B244D012200FCF81D /* Build configuration list for PBXNativeTarget "On the MapTests" */;
			buildPhases = (
				1482DF60244D012200FCF81D /* Sources */,
				1482DF61244D012200FCF81D /* Frameworks */,
				1482DF62244D012200FCF81D /* Resources */,
			);
			buildRules = (
			);
			dependencies = (
				1482DF66244D012200FCF81D /* PBXTargetDependency */,
			);
			name = "On the MapTests";
			productName = "On the MapTests";
			productReference = 1482DF64244D012200FCF81D /* On the MapTests.xctest */;
			productType = "com.apple.product-type.bundle.unit-test";
		};
		1482DF6E244D012200FCF81D /* On the MapUITests */ = {
			isa = PBXNativeTarget;
			buildConfigurationList = 1482DF7E244D012200FCF81D /* Build configuration list for PBXNativeTarget "On the MapUITests" */;
			buildPhases = (
				1482DF6B244D012200FCF81D /* Sources */,
				1482DF6C244D012200FCF81D /* Frameworks */,
				1482DF6D244D012200FCF81D /* Resources */,
			);
			buildRules = (
			);
			dependencies = (
				1482DF71244D012200FCF81D /* PBXTargetDependency */,
			);
			name = "On the MapUITests";
			productName = "On the MapUITests";
			productReference = 1482DF6F244D012200FCF81D /* On the MapUITests.xctest */;
			productType = "com.apple.product-type.bundle.ui-testing";
		};
/* End PBXNativeTarget section */

/* Begin PBXProject section */
		1482DF46244D011D00FCF81D /* Project object */ = {
			isa = PBXProject;
			attributes = {
				LastSwiftUpdateCheck = 1140;
				LastUpgradeCheck = 1140;
				ORGANIZATIONNAME = "Jae Paek";
				TargetAttributes = {
					1482DF4D244D011D00FCF81D = {
						CreatedOnToolsVersion = 11.4.1;
					};
					1482DF63244D012200FCF81D = {
						CreatedOnToolsVersion = 11.4.1;
						TestTargetID = 1482DF4D244D011D00FCF81D;
					};
					1482DF6E244D012200FCF81D = {
						CreatedOnToolsVersion = 11.4.1;
						TestTargetID = 1482DF4D244D011D00FCF81D;
					};
				};
			};
			buildConfigurationList = 1482DF49244D011D00FCF81D /* Build configuration list for PBXProject "On the Map" */;
			compatibilityVersion = "Xcode 9.3";
			developmentRegion = en;
			hasScannedForEncodings = 0;
			knownRegions = (
				en,
				Base,
			);
			mainGroup = 1482DF45244D011D00FCF81D;
			productRefGroup = 1482DF4F244D011D00FCF81D /* Products */;
			projectDirPath = "";
			projectRoot = "";
			targets = (
				1482DF4D244D011D00FCF81D /* On the Map */,
				1482DF63244D012200FCF81D /* On the MapTests */,
				1482DF6E244D012200FCF81D /* On the MapUITests */,
			);
		};
/* End PBXProject section */

/* Begin PBXResourcesBuildPhase section */
		1482DF4C244D011D00FCF81D /* Resources */ = {
			isa = PBXResourcesBuildPhase;
			buildActionMask = 2147483647;
			files = (
				1482DF5E244D012200FCF81D /* LaunchScreen.storyboard in Resources */,
				1482DF5B244D012200FCF81D /* Assets.xcassets in Resources */,
				1482DF59244D011D00FCF81D /* Main.storyboard in Resources */,
			);
			runOnlyForDeploymentPostprocessing = 0;
		};
		1482DF62244D012200FCF81D /* Resources */ = {
			isa = PBXResourcesBuildPhase;
			buildActionMask = 2147483647;
			files = (
			);
			runOnlyForDeploymentPostprocessing = 0;
		};
		1482DF6D244D012200FCF81D /* Resources */ = {
			isa = PBXResourcesBuildPhase;
			buildActionMask = 2147483647;
			files = (
			);
			runOnlyForDeploymentPostprocessing = 0;
		};
/* End PBXResourcesBuildPhase section */

/* Begin PBXSourcesBuildPhase section */
		1482DF4A244D011D00FCF81D /* Sources */ = {
			isa = PBXSourcesBuildPhase;
			buildActionMask = 2147483647;
			files = (
				1482DF56244D011D00FCF81D /* LoginController.swift in Sources */,
				1482DF52244D011D00FCF81D /* AppDelegate.swift in Sources */,
				14BC84AE256730FE00D3A199 /* StudentInformationResponse.swift in Sources */,
				1482DF87244D042E00FCF81D /* Client.swift in Sources */,
				14BC84E22567878C00D3A199 /* UIViewController+Extension.swift in Sources */,
				14BC84C02567360300D3A199 /* StudentModel.swift in Sources */,
				1482DF8E244D078700FCF81D /* LoginRequest.swift in Sources */,
				1482DF8C244D05CB00FCF81D /* OnTheMapResponse.swift in Sources */,
				14BC84EC256796E000D3A199 /* LocationResponse.swift in Sources */,
				1482DF54244D011D00FCF81D /* SceneDelegate.swift in Sources */,
				14BC84B32567328800D3A199 /* MapController.swift in Sources */,
				14BC84B82567342900D3A199 /* StudentInformation.swift in Sources */,
				1482DF90244D09A800FCF81D /* LoginResponse.swift in Sources */,
				14BC84CD25673F2000D3A199 /* ListController.swift in Sources */,
				14BC84E72567892F00D3A199 /* InformationViewController.swift in Sources */,
			);
			runOnlyForDeploymentPostprocessing = 0;
		};
		1482DF60244D012200FCF81D /* Sources */ = {
			isa = PBXSourcesBuildPhase;
			buildActionMask = 2147483647;
			files = (
				1482DF69244D012200FCF81D /* On_the_MapTests.swift in Sources */,
			);
			runOnlyForDeploymentPostprocessing = 0;
		};
		1482DF6B244D012200FCF81D /* Sources */ = {
			isa = PBXSourcesBuildPhase;
			buildActionMask = 2147483647;
			files = (
				1482DF74244D012200FCF81D /* On_the_MapUITests.swift in Sources */,
			);
			runOnlyForDeploymentPostprocessing = 0;
		};
/* End PBXSourcesBuildPhase section */

/* Begin PBXTargetDependency section */
		1482DF66244D012200FCF81D /* PBXTargetDependency */ = {
			isa = PBXTargetDependency;
			target = 1482DF4D244D011D00FCF81D /* On the Map */;
			targetProxy = 1482DF65244D012200FCF81D /* PBXContainerItemProxy */;
		};
		1482DF71244D012200FCF81D /* PBXTargetDependency */ = {
			isa = PBXTargetDependency;
			target = 1482DF4D244D011D00FCF81D /* On the Map */;
			targetProxy = 1482DF70244D012200FCF81D /* PBXContainerItemProxy */;
		};
/* End PBXTargetDependency section */

/* Begin PBXVariantGroup section */
		1482DF57244D011D00FCF81D /* Main.storyboard */ = {
			isa = PBXVariantGroup;
			children = (
				1482DF58244D011D00FCF81D /* Base */,
			);
			name = Main.storyboard;
			sourceTree = "<group>";
		};
		1482DF5C244D012200FCF81D /* LaunchScreen.storyboard */ = {
			isa = PBXVariantGroup;
			children = (
				1482DF5D244D012200FCF81D /* Base */,
			);
			name = LaunchScreen.storyboard;
			sourceTree = "<group>";
		};
/* End PBXVariantGroup section */

/* Begin XCBuildConfiguration section */
		1482DF76244D012200FCF81D /* Debug */ = {
			isa = XCBuildConfiguration;
			buildSettings = {
				ALWAYS_SEARCH_USER_PATHS = NO;
				CLANG_ANALYZER_NONNULL = YES;
				CLANG_ANALYZER_NUMBER_OBJECT_CONVERSION = YES_AGGRESSIVE;
				CLANG_CXX_LANGUAGE_STANDARD = "gnu++14";
				CLANG_CXX_LIBRARY = "libc++";
				CLANG_ENABLE_MODULES = YES;
				CLANG_ENABLE_OBJC_ARC = YES;
				CLANG_ENABLE_OBJC_WEAK = YES;
				CLANG_WARN_BLOCK_CAPTURE_AUTORELEASING = YES;
				CLANG_WARN_BOOL_CONVERSION = YES;
				CLANG_WARN_COMMA = YES;
				CLANG_WARN_CONSTANT_CONVERSION = YES;
				CLANG_WARN_DEPRECATED_OBJC_IMPLEMENTATIONS = YES;
				CLANG_WARN_DIRECT_OBJC_ISA_USAGE = YES_ERROR;
				CLANG_WARN_DOCUMENTATION_COMMENTS = YES;
				CLANG_WARN_EMPTY_BODY = YES;
				CLANG_WARN_ENUM_CONVERSION = YES;
				CLANG_WARN_INFINITE_RECURSION = YES;
				CLANG_WARN_INT_CONVERSION = YES;
				CLANG_WARN_NON_LITERAL_NULL_CONVERSION = YES;
				CLANG_WARN_OBJC_IMPLICIT_RETAIN_SELF = YES;
				CLANG_WARN_OBJC_LITERAL_CONVERSION = YES;
				CLANG_WARN_OBJC_ROOT_CLASS = YES_ERROR;
				CLANG_WARN_RANGE_LOOP_ANALYSIS = YES;
				CLANG_WARN_STRICT_PROTOTYPES = YES;
				CLANG_WARN_SUSPICIOUS_MOVE = YES;
				CLANG_WARN_UNGUARDED_AVAILABILITY = YES_AGGRESSIVE;
				CLANG_WARN_UNREACHABLE_CODE = YES;
				CLANG_WARN__DUPLICATE_METHOD_MATCH = YES;
				COPY_PHASE_STRIP = NO;
				DEBUG_INFORMATION_FORMAT = dwarf;
				ENABLE_STRICT_OBJC_MSGSEND = YES;
				ENABLE_TESTABILITY = YES;
				GCC_C_LANGUAGE_STANDARD = gnu11;
				GCC_DYNAMIC_NO_PIC = NO;
				GCC_NO_COMMON_BLOCKS = YES;
				GCC_OPTIMIZATION_LEVEL = 0;
				GCC_PREPROCESSOR_DEFINITIONS = (
					"DEBUG=1",
					"$(inherited)",
				);
				GCC_WARN_64_TO_32_BIT_CONVERSION = YES;
				GCC_WARN_ABOUT_RETURN_TYPE = YES_ERROR;
				GCC_WARN_UNDECLARED_SELECTOR = YES;
				GCC_WARN_UNINITIALIZED_AUTOS = YES_AGGRESSIVE;
				GCC_WARN_UNUSED_FUNCTION = YES;
				GCC_WARN_UNUSED_VARIABLE = YES;
				IPHONEOS_DEPLOYMENT_TARGET = 13.4;
				MTL_ENABLE_DEBUG_INFO = INCLUDE_SOURCE;
				MTL_FAST_MATH = YES;
				ONLY_ACTIVE_ARCH = YES;
				SDKROOT = iphoneos;
				SWIFT_ACTIVE_COMPILATION_CONDITIONS = DEBUG;
				SWIFT_OPTIMIZATION_LEVEL = "-Onone";
			};
			name = Debug;
		};
		1482DF77244D012200FCF81D /* Release */ = {
			isa = XCBuildConfiguration;
			buildSettings = {
				ALWAYS_SEARCH_USER_PATHS = NO;
				CLANG_ANALYZER_NONNULL = YES;
				CLANG_ANALYZER_NUMBER_OBJECT_CONVERSION = YES_AGGRESSIVE;
				CLANG_CXX_LANGUAGE_STANDARD = "gnu++14";
				CLANG_CXX_LIBRARY = "libc++";
				CLANG_ENABLE_MODULES = YES;
				CLANG_ENABLE_OBJC_ARC = YES;
				CLANG_ENABLE_OBJC_WEAK = YES;
				CLANG_WARN_BLOCK_CAPTURE_AUTORELEASING = YES;
				CLANG_WARN_BOOL_CONVERSION = YES;
				CLANG_WARN_COMMA = YES;
				CLANG_WARN_CONSTANT_CONVERSION = YES;
				CLANG_WARN_DEPRECATED_OBJC_IMPLEMENTATIONS = YES;
				CLANG_WARN_DIRECT_OBJC_ISA_USAGE = YES_ERROR;
				CLANG_WARN_DOCUMENTATION_COMMENTS = YES;
				CLANG_WARN_EMPTY_BODY = YES;
				CLANG_WARN_ENUM_CONVERSION = YES;
				CLANG_WARN_INFINITE_RECURSION = YES;
				CLANG_WARN_INT_CONVERSION = YES;
				CLANG_WARN_NON_LITERAL_NULL_CONVERSION = YES;
				CLANG_WARN_OBJC_IMPLICIT_RETAIN_SELF = YES;
				CLANG_WARN_OBJC_LITERAL_CONVERSION = YES;
				CLANG_WARN_OBJC_ROOT_CLASS = YES_ERROR;
				CLANG_WARN_RANGE_LOOP_ANALYSIS = YES;
				CLANG_WARN_STRICT_PROTOTYPES = YES;
				CLANG_WARN_SUSPICIOUS_MOVE = YES;
				CLANG_WARN_UNGUARDED_AVAILABILITY = YES_AGGRESSIVE;
				CLANG_WARN_UNREACHABLE_CODE = YES;
				CLANG_WARN__DUPLICATE_METHOD_MATCH = YES;
				COPY_PHASE_STRIP = NO;
				DEBUG_INFORMATION_FORMAT = "dwarf-with-dsym";
				ENABLE_NS_ASSERTIONS = NO;
				ENABLE_STRICT_OBJC_MSGSEND = YES;
				GCC_C_LANGUAGE_STANDARD = gnu11;
				GCC_NO_COMMON_BLOCKS = YES;
				GCC_WARN_64_TO_32_BIT_CONVERSION = YES;
				GCC_WARN_ABOUT_RETURN_TYPE = YES_ERROR;
				GCC_WARN_UNDECLARED_SELECTOR = YES;
				GCC_WARN_UNINITIALIZED_AUTOS = YES_AGGRESSIVE;
				GCC_WARN_UNUSED_FUNCTION = YES;
				GCC_WARN_UNUSED_VARIABLE = YES;
				IPHONEOS_DEPLOYMENT_TARGET = 13.4;
				MTL_ENABLE_DEBUG_INFO = NO;
				MTL_FAST_MATH = YES;
				SDKROOT = iphoneos;
				SWIFT_COMPILATION_MODE = wholemodule;
				SWIFT_OPTIMIZATION_LEVEL = "-O";
				VALIDATE_PRODUCT = YES;
			};
			name = Release;
		};
		1482DF79244D012200FCF81D /* Debug */ = {
			isa = XCBuildConfiguration;
			buildSettings = {
				ASSETCATALOG_COMPILER_APPICON_NAME = AppIcon;
				CODE_SIGN_STYLE = Automatic;
				INFOPLIST_FILE = "On the Map/Info.plist";
				LD_RUNPATH_SEARCH_PATHS = (
					"$(inherited)",
					"@executable_path/Frameworks",
				);
				PRODUCT_BUNDLE_IDENTIFIER = "com.jaepaek.On-the-Map";
				PRODUCT_NAME = "$(TARGET_NAME)";
				SWIFT_VERSION = 5.0;
				TARGETED_DEVICE_FAMILY = "1,2";
			};
			name = Debug;
		};
		1482DF7A244D012200FCF81D /* Release */ = {
			isa = XCBuildConfiguration;
			buildSettings = {
				ASSETCATALOG_COMPILER_APPICON_NAME = AppIcon;
				CODE_SIGN_STYLE = Automatic;
				INFOPLIST_FILE = "On the Map/Info.plist";
				LD_RUNPATH_SEARCH_PATHS = (
					"$(inherited)",
					"@executable_path/Frameworks",
				);
				PRODUCT_BUNDLE_IDENTIFIER = "com.jaepaek.On-the-Map";
				PRODUCT_NAME = "$(TARGET_NAME)";
				SWIFT_VERSION = 5.0;
				TARGETED_DEVICE_FAMILY = "1,2";
			};
			name = Release;
		};
		1482DF7C244D012200FCF81D /* Debug */ = {
			isa = XCBuildConfiguration;
			buildSettings = {
				ALWAYS_EMBED_SWIFT_STANDARD_LIBRARIES = YES;
				BUNDLE_LOADER = "$(TEST_HOST)";
				CODE_SIGN_STYLE = Automatic;
				INFOPLIST_FILE = "On the MapTests/Info.plist";
				IPHONEOS_DEPLOYMENT_TARGET = 13.4;
				LD_RUNPATH_SEARCH_PATHS = (
					"$(inherited)",
					"@executable_path/Frameworks",
					"@loader_path/Frameworks",
				);
				PRODUCT_BUNDLE_IDENTIFIER = "com.jaepaek.On-the-MapTests";
				PRODUCT_NAME = "$(TARGET_NAME)";
				SWIFT_VERSION = 5.0;
				TARGETED_DEVICE_FAMILY = "1,2";
				TEST_HOST = "$(BUILT_PRODUCTS_DIR)/On the Map.app/On the Map";
			};
			name = Debug;
		};
		1482DF7D244D012200FCF81D /* Release */ = {
			isa = XCBuildConfiguration;
			buildSettings = {
				ALWAYS_EMBED_SWIFT_STANDARD_LIBRARIES = YES;
				BUNDLE_LOADER = "$(TEST_HOST)";
				CODE_SIGN_STYLE = Automatic;
				INFOPLIST_FILE = "On the MapTests/Info.plist";
				IPHONEOS_DEPLOYMENT_TARGET = 13.4;
				LD_RUNPATH_SEARCH_PATHS = (
					"$(inherited)",
					"@executable_path/Frameworks",
					"@loader_path/Frameworks",
				);
				PRODUCT_BUNDLE_IDENTIFIER = "com.jaepaek.On-the-MapTests";
				PRODUCT_NAME = "$(TARGET_NAME)";
				SWIFT_VERSION = 5.0;
				TARGETED_DEVICE_FAMILY = "1,2";
				TEST_HOST = "$(BUILT_PRODUCTS_DIR)/On the Map.app/On the Map";
			};
			name = Release;
		};
		1482DF7F244D012200FCF81D /* Debug */ = {
			isa = XCBuildConfiguration;
			buildSettings = {
				ALWAYS_EMBED_SWIFT_STANDARD_LIBRARIES = YES;
				CODE_SIGN_STYLE = Automatic;
				INFOPLIST_FILE = "On the MapUITests/Info.plist";
				LD_RUNPATH_SEARCH_PATHS = (
					"$(inherited)",
					"@executable_path/Frameworks",
					"@loader_path/Frameworks",
				);
				PRODUCT_BUNDLE_IDENTIFIER = "com.jaepaek.On-the-MapUITests";
				PRODUCT_NAME = "$(TARGET_NAME)";
				SWIFT_VERSION = 5.0;
				TARGETED_DEVICE_FAMILY = "1,2";
				TEST_TARGET_NAME = "On the Map";
			};
			name = Debug;
		};
		1482DF80244D012200FCF81D /* Release */ = {
			isa = XCBuildConfiguration;
			buildSettings = {
				ALWAYS_EMBED_SWIFT_STANDARD_LIBRARIES = YES;
				CODE_SIGN_STYLE = Automatic;
				INFOPLIST_FILE = "On the MapUITests/Info.plist";
				LD_RUNPATH_SEARCH_PATHS = (
					"$(inherited)",
					"@executable_path/Frameworks",
					"@loader_path/Frameworks",
				);
				PRODUCT_BUNDLE_IDENTIFIER = "com.jaepaek.On-the-MapUITests";
				PRODUCT_NAME = "$(TARGET_NAME)";
				SWIFT_VERSION = 5.0;
				TARGETED_DEVICE_FAMILY = "1,2";
				TEST_TARGET_NAME = "On the Map";
			};
			name = Release;
		};
/* End XCBuildConfiguration section */

/* Begin XCConfigurationList section */
		1482DF49244D011D00FCF81D /* Build configuration list for PBXProject "On the Map" */ = {
			isa = XCConfigurationList;
			buildConfigurations = (
				1482DF76244D012200FCF81D /* Debug */,
				1482DF77244D012200FCF81D /* Release */,
			);
			defaultConfigurationIsVisible = 0;
			defaultConfigurationName = Release;
		};
		1482DF78244D012200FCF81D /* Build configuration list for PBXNativeTarget "On the Map" */ = {
			isa = XCConfigurationList;
			buildConfigurations = (
				1482DF79244D012200FCF81D /* Debug */,
				1482DF7A244D012200FCF81D /* Release */,
			);
			defaultConfigurationIsVisible = 0;
			defaultConfigurationName = Release;
		};
		1482DF7B244D012200FCF81D /* Build configuration list for PBXNativeTarget "On the MapTests" */ = {
			isa = XCConfigurationList;
			buildConfigurations = (
				1482DF7C244D012200FCF81D /* Debug */,
				1482DF7D244D012200FCF81D /* Release */,
			);
			defaultConfigurationIsVisible = 0;
			defaultConfigurationName = Release;
		};
		1482DF7E244D012200FCF81D /* Build configuration list for PBXNativeTarget "On the MapUITests" */ = {
			isa = XCConfigurationList;
			buildConfigurations = (
				1482DF7F244D012200FCF81D /* Debug */,
				1482DF80244D012200FCF81D /* Release */,
			);
			defaultConfigurationIsVisible = 0;
			defaultConfigurationName = Release;
		};
/* End XCConfigurationList section */
	};
	rootObject = 1482DF46244D011D00FCF81D /* Project object */;
}
